# This file is generated by running "yarn install" inside your project.
# Manual changes might be lost - proceed with caution!

__metadata:
  version: 6
  cacheKey: 8

"hbplugin-ban-textfile@npm:latest":
  version: 1.0.5
  resolution: "hbplugin-ban-textfile@npm:1.0.5"
  checksum: b5d2f043f55f76108db2695d5638b8b2c854f69fb710bb120505805490b8a4cd15543499280dc753a1e47e68a3e1c0b74f12d8da6895aa2bbd893c39223bd2d7
  languageName: node
  linkType: hard

"root-workspace-0b6124@workspace:.":
  version: 0.0.0-use.local
  resolution: "root-workspace-0b6124@workspace:."
  dependencies:
    hbplugin-ban-textfile: latest
  languageName: unknown
  linkType: soft
