# This file is generated by running "yarn install" inside your project.
# Manual changes might be lost - proceed with caution!

__metadata:
  version: 6

"hbplugin-mouthwashgg-anti-cheat@link:../hbplugin-mouthwashgg-anti-cheat::locator=root-workspace-0b6124%40workspace%3A.":
  version: 0.0.0-use.local
  resolution: "hbplugin-mouthwashgg-anti-cheat@link:../hbplugin-mouthwashgg-anti-cheat::locator=root-workspace-0b6124%40workspace%3A."
  languageName: node
  linkType: soft

"hbplugin-mouthwashgg-api@link:../hbplugin-mouthwashgg-api::locator=root-workspace-0b6124%40workspace%3A.":
  version: 0.0.0-use.local
  resolution: "hbplugin-mouthwashgg-api@link:../hbplugin-mouthwashgg-api::locator=root-workspace-0b6124%40workspace%3A."
  languageName: node
  linkType: soft

"hbplugin-mouthwashgg-auth@link:../hbplugin-mouthwashgg-auth::locator=root-workspace-0b6124%40workspace%3A.":
  version: 0.0.0-use.local
  resolution: "hbplugin-mouthwashgg-auth@link:../hbplugin-mouthwashgg-auth::locator=root-workspace-0b6124%40workspace%3A."
  languageName: node
  linkType: soft

"hbplugin-mouthwashgg-master@link:../hbplugin-mouthwashgg-master::locator=root-workspace-0b6124%40workspace%3A.":
  version: 0.0.0-use.local
  resolution: "hbplugin-mouthwashgg-master@link:../hbplugin-mouthwashgg-master::locator=root-workspace-0b6124%40workspace%3A."
  languageName: node
  linkType: soft

"hbplugin-mouthwashgg-metrics@link:../hbplugin-mouthwashgg-metrics::locator=root-workspace-0b6124%40workspace%3A.":
  version: 0.0.0-use.local
  resolution: "hbplugin-mouthwashgg-metrics@link:../hbplugin-mouthwashgg-metrics::locator=root-workspace-0b6124%40workspace%3A."
  languageName: node
  linkType: soft

"hbplugin-mouthwashgg@link:../hbplugin-mouthwashgg::locator=root-workspace-0b6124%40workspace%3A.":
  version: 0.0.0-use.local
  resolution: "hbplugin-mouthwashgg@link:../hbplugin-mouthwashgg::locator=root-workspace-0b6124%40workspace%3A."
  languageName: node
  linkType: soft

"hbplugin-mwgg-gamemode-hns@link:../hbplugin-mwgg-gamemode-hns::locator=root-workspace-0b6124%40workspace%3A.":
  version: 0.0.0-use.local
  resolution: "hbplugin-mwgg-gamemode-hns@link:../hbplugin-mwgg-gamemode-hns::locator=root-workspace-0b6124%40workspace%3A."
  languageName: node
  linkType: soft

"hbplugin-mwgg-gamemode-infection@link:../hbplugin-mwgg-gamemode-infection::locator=root-workspace-0b6124%40workspace%3A.":
  version: 0.0.0-use.local
  resolution: "hbplugin-mwgg-gamemode-infection@link:../hbplugin-mwgg-gamemode-infection::locator=root-workspace-0b6124%40workspace%3A."
  languageName: node
  linkType: soft

"hbplugin-mwgg-gamemode-town-of-polus@link:../hbplugin-mwgg-gamemode-town-of-polus::locator=root-workspace-0b6124%40workspace%3A.":
  version: 0.0.0-use.local
  resolution: "hbplugin-mwgg-gamemode-town-of-polus@link:../hbplugin-mwgg-gamemode-town-of-polus::locator=root-workspace-0b6124%40workspace%3A."
  languageName: node
  linkType: soft

"hbplugin-mwgg-gamemode-vanilla@link:../hbplugin-mwgg-gamemode-vanilla::locator=root-workspace-0b6124%40workspace%3A.":
  version: 0.0.0-use.local
  resolution: "hbplugin-mwgg-gamemode-vanilla@link:../hbplugin-mwgg-gamemode-vanilla::locator=root-workspace-0b6124%40workspace%3A."
  languageName: node
  linkType: soft

"root-workspace-0b6124@workspace:.":
  version: 0.0.0-use.local
  resolution: "root-workspace-0b6124@workspace:."
  dependencies:
    hbplugin-mouthwashgg: "link:../hbplugin-mouthwashgg"
    hbplugin-mouthwashgg-anti-cheat: "link:../hbplugin-mouthwashgg-anti-cheat"
    hbplugin-mouthwashgg-api: "link:../hbplugin-mouthwashgg-api"
    hbplugin-mouthwashgg-auth: "link:../hbplugin-mouthwashgg-auth"
    hbplugin-mouthwashgg-master: "link:../hbplugin-mouthwashgg-master"
    hbplugin-mouthwashgg-metrics: "link:../hbplugin-mouthwashgg-metrics"
    hbplugin-mwgg-gamemode-hns: "link:../hbplugin-mwgg-gamemode-hns"
    hbplugin-mwgg-gamemode-infection: "link:../hbplugin-mwgg-gamemode-infection"
    hbplugin-mwgg-gamemode-town-of-polus: "link:../hbplugin-mwgg-gamemode-town-of-polus"
    hbplugin-mwgg-gamemode-vanilla: "link:../hbplugin-mwgg-gamemode-vanilla"
  languageName: unknown
  linkType: soft
